# THIS IS AN AUTOGENERATED FILE. DO NOT EDIT THIS FILE DIRECTLY.
# yarn lockfile v1


"@noble/curves@^1.3.0":
  version "1.9.1"
  resolved "https://registry.yarnpkg.com/@noble/curves/-/curves-1.9.1.tgz#9654a0bc6c13420ae252ddcf975eaf0f58f0a35c"
  integrity sha512-k11yZxZg+t+gWvBbIswW0yoJlu8cHOC7dhunwOzoWH/mXGBiYyR4YY6hAEK/3EUs4UpB8la1RfdRpeGsFHkWsA==
  dependencies:
    "@noble/hashes" "1.8.0"

"@noble/hashes@1.8.0", "@noble/hashes@^1.3.3":
  version "1.8.0"
  resolved "https://registry.yarnpkg.com/@noble/hashes/-/hashes-1.8.0.tgz#cee43d801fcef9644b11b8194857695acd5f815a"
  integrity sha512-jCs9ldd7NwzpgXDIf6P3+NrHh9/sD6CQdxHyjQI+h/6rDNo88ypBxxz45UDuZHz9r3tNz7N/VInSVoVdtXEI4A==

"@polkadot/networks@12.6.2":
  version "12.6.2"
  resolved "https://registry.yarnpkg.com/@polkadot/networks/-/networks-12.6.2.tgz#791779fee1d86cc5b6cd371858eea9b7c3f8720d"
  integrity sha512-1oWtZm1IvPWqvMrldVH6NI2gBoCndl5GEwx7lAuQWGr7eNL+6Bdc5K3Z9T0MzFvDGoi2/CBqjX9dRKo39pDC/w==
  dependencies:
    "@polkadot/util" "12.6.2"
    "@substrate/ss58-registry" "^1.44.0"
    tslib "^2.6.2"

"@polkadot/util-crypto@^12.6.2":
  version "12.6.2"
  resolved "https://registry.yarnpkg.com/@polkadot/util-crypto/-/util-crypto-12.6.2.tgz#d2d51010e8e8ca88951b7d864add797dad18bbfc"
  integrity sha512-FEWI/dJ7wDMNN1WOzZAjQoIcCP/3vz3wvAp5QQm+lOrzOLj0iDmaIGIcBkz8HVm3ErfSe/uKP0KS4jgV/ib+Mg==
  dependencies:
    "@noble/curves" "^1.3.0"
    "@noble/hashes" "^1.3.3"
    "@polkadot/networks" "12.6.2"
    "@polkadot/util" "12.6.2"
    "@polkadot/wasm-crypto" "^7.3.2"
    "@polkadot/wasm-util" "^7.3.2"
    "@polkadot/x-bigint" "12.6.2"
    "@polkadot/x-randomvalues" "12.6.2"
    "@scure/base" "^1.1.5"
    tslib "^2.6.2"

"@polkadot/util@12.6.2", "@polkadot/util@^12.6.2":
  version "12.6.2"
  resolved "https://registry.yarnpkg.com/@polkadot/util/-/util-12.6.2.tgz#9396eff491221e1f0fd28feac55fc16ecd61a8dc"
  integrity sha512-l8TubR7CLEY47240uki0TQzFvtnxFIO7uI/0GoWzpYD/O62EIAMRsuY01N4DuwgKq2ZWD59WhzsLYmA5K6ksdw==
  dependencies:
    "@polkadot/x-bigint" "12.6.2"
    "@polkadot/x-global" "12.6.2"
    "@polkadot/x-textdecoder" "12.6.2"
    "@polkadot/x-textencoder" "12.6.2"
    "@types/bn.js" "^5.1.5"
    bn.js "^5.2.1"
    tslib "^2.6.2"

"@polkadot/wasm-bridge@7.4.1":
  version "7.4.1"
  resolved "https://registry.yarnpkg.com/@polkadot/wasm-bridge/-/wasm-bridge-7.4.1.tgz#dd59ebb7c425657aad64b1430e8455d14d935059"
  integrity sha512-tdkJaV453tezBxhF39r4oeG0A39sPKGDJmN81LYLf+Fihb7astzwju+u75BRmDrHZjZIv00un3razJEWCxze6g==
  dependencies:
    "@polkadot/wasm-util" "7.4.1"
    tslib "^2.7.0"

"@polkadot/wasm-crypto-asmjs@7.4.1":
  version "7.4.1"
  resolved "https://registry.yarnpkg.com/@polkadot/wasm-crypto-asmjs/-/wasm-crypto-asmjs-7.4.1.tgz#5d36f3f498077f826f2bbe742070574606e673e9"
  integrity sha512-pwU8QXhUW7IberyHJIQr37IhbB6DPkCG5FhozCiNTq4vFBsFPjm9q8aZh7oX1QHQaiAZa2m2/VjIVE+FHGbvHQ==
  dependencies:
    tslib "^2.7.0"

"@polkadot/wasm-crypto-init@7.4.1":
  version "7.4.1"
  resolved "https://registry.yarnpkg.com/@polkadot/wasm-crypto-init/-/wasm-crypto-init-7.4.1.tgz#88bc61c9473a7c39d9fafb27cd631215b053b836"
  integrity sha512-AVka33+f7MvXEEIGq5U0dhaA2SaXMXnxVCQyhJTaCnJ5bRDj0Xlm3ijwDEQUiaDql7EikbkkRtmlvs95eSUWYQ==
  dependencies:
    "@polkadot/wasm-bridge" "7.4.1"
    "@polkadot/wasm-crypto-asmjs" "7.4.1"
    "@polkadot/wasm-crypto-wasm" "7.4.1"
    "@polkadot/wasm-util" "7.4.1"
    tslib "^2.7.0"

"@polkadot/wasm-crypto-wasm@7.4.1":
  version "7.4.1"
  resolved "https://registry.yarnpkg.com/@polkadot/wasm-crypto-wasm/-/wasm-crypto-wasm-7.4.1.tgz#73d08f59aaf51ed70563c0099e7852fdeda03649"
  integrity sha512-PE1OAoupFR0ZOV2O8tr7D1FEUAwaggzxtfs3Aa5gr+yxlSOaWUKeqsOYe1KdrcjmZVV3iINEAXxgrbzCmiuONg==
  dependencies:
    "@polkadot/wasm-util" "7.4.1"
    tslib "^2.7.0"

"@polkadot/wasm-crypto@^7.3.2":
  version "7.4.1"
  resolved "https://registry.yarnpkg.com/@polkadot/wasm-crypto/-/wasm-crypto-7.4.1.tgz#6d5f94d28bf92ef234b94d55b0d1f4299cbbb7b7"
  integrity sha512-kHN/kF7hYxm1y0WeFLWeWir6oTzvcFmR4N8fJJokR+ajYbdmrafPN+6iLgQVbhZnDdxyv9jWDuRRsDnBx8tPMQ==
  dependencies:
    "@polkadot/wasm-bridge" "7.4.1"
    "@polkadot/wasm-crypto-asmjs" "7.4.1"
    "@polkadot/wasm-crypto-init" "7.4.1"
    "@polkadot/wasm-crypto-wasm" "7.4.1"
    "@polkadot/wasm-util" "7.4.1"
    tslib "^2.7.0"

"@polkadot/wasm-util@7.4.1", "@polkadot/wasm-util@^7.3.2":
  version "7.4.1"
  resolved "https://registry.yarnpkg.com/@polkadot/wasm-util/-/wasm-util-7.4.1.tgz#e8cea38a3b752efdef55080bb1da795ac71c5136"
  integrity sha512-RAcxNFf3zzpkr+LX/ItAsvj+QyM56TomJ0xjUMo4wKkHjwsxkz4dWJtx5knIgQz/OthqSDMR59VNEycQeNuXzA==
  dependencies:
    tslib "^2.7.0"

"@polkadot/x-bigint@12.6.2":
  version "12.6.2"
  resolved "https://registry.yarnpkg.com/@polkadot/x-bigint/-/x-bigint-12.6.2.tgz#59b7a615f205ae65e1ac67194aefde94d3344580"
  integrity sha512-HSIk60uFPX4GOFZSnIF7VYJz7WZA7tpFJsne7SzxOooRwMTWEtw3fUpFy5cYYOeLh17/kHH1Y7SVcuxzVLc74Q==
  dependencies:
    "@polkadot/x-global" "12.6.2"
    tslib "^2.6.2"

"@polkadot/x-global@12.6.2":
  version "12.6.2"
  resolved "https://registry.yarnpkg.com/@polkadot/x-global/-/x-global-12.6.2.tgz#31d4de1c3d4c44e4be3219555a6d91091decc4ec"
  integrity sha512-a8d6m+PW98jmsYDtAWp88qS4dl8DyqUBsd0S+WgyfSMtpEXu6v9nXDgPZgwF5xdDvXhm+P0ZfVkVTnIGrScb5g==
  dependencies:
    tslib "^2.6.2"

"@polkadot/x-randomvalues@12.6.2":
  version "12.6.2"
  resolved "https://registry.yarnpkg.com/@polkadot/x-randomvalues/-/x-randomvalues-12.6.2.tgz#13fe3619368b8bf5cb73781554859b5ff9d900a2"
  integrity sha512-Vr8uG7rH2IcNJwtyf5ebdODMcr0XjoCpUbI91Zv6AlKVYOGKZlKLYJHIwpTaKKB+7KPWyQrk4Mlym/rS7v9feg==
  dependencies:
    "@polkadot/x-global" "12.6.2"
    tslib "^2.6.2"

"@polkadot/x-textdecoder@12.6.2":
  version "12.6.2"
  resolved "https://registry.yarnpkg.com/@polkadot/x-textdecoder/-/x-textdecoder-12.6.2.tgz#b86da0f8e8178f1ca31a7158257e92aea90b10e4"
  integrity sha512-M1Bir7tYvNappfpFWXOJcnxUhBUFWkUFIdJSyH0zs5LmFtFdbKAeiDXxSp2Swp5ddOZdZgPac294/o2TnQKN1w==
  dependencies:
    "@polkadot/x-global" "12.6.2"
    tslib "^2.6.2"

"@polkadot/x-textencoder@12.6.2":
  version "12.6.2"
  resolved "https://registry.yarnpkg.com/@polkadot/x-textencoder/-/x-textencoder-12.6.2.tgz#81d23bd904a2c36137a395c865c5fefa21abfb44"
  integrity sha512-4N+3UVCpI489tUJ6cv3uf0PjOHvgGp9Dl+SZRLgFGt9mvxnvpW/7+XBADRMtlG4xi5gaRK7bgl5bmY6OMDsNdw==
  dependencies:
    "@polkadot/x-global" "12.6.2"
    tslib "^2.6.2"

"@scure/base@^1.1.5":
  version "1.2.5"
  resolved "https://registry.yarnpkg.com/@scure/base/-/base-1.2.5.tgz#f9d1b232425b367d0dcb81c96611dcc651d58671"
  integrity sha512-9rE6EOVeIQzt5TSu4v+K523F8u6DhBsoZWPGKlnCshhlDhy0kJzUX4V+tr2dWmzF1GdekvThABoEQBGBQI7xZw==

"@substrate/ss58-registry@^1.44.0":
  version "1.51.0"
  resolved "https://registry.yarnpkg.com/@substrate/ss58-registry/-/ss58-registry-1.51.0.tgz#39e0341eb4069c2d3e684b93f0d8cb0bec572383"
  integrity sha512-TWDurLiPxndFgKjVavCniytBIw+t4ViOi7TYp9h/D0NMmkEc9klFTo+827eyEJ0lELpqO207Ey7uGxUa+BS1jQ==

"@types/bn.js@^5.1.5":
  version "5.1.6"
  resolved "https://registry.yarnpkg.com/@types/bn.js/-/bn.js-5.1.6.tgz#9ba818eec0c85e4d3c679518428afdf611d03203"
  integrity sha512-Xh8vSwUeMKeYYrj3cX4lGQgFSF/N03r+tv4AiLl1SucqV+uTQpxRcnM8AkXKHwYP9ZPXOYXRr2KPXpVlIvqh9w==
  dependencies:
    "@types/node" "*"

"@types/node@*":
  version "22.15.19"
  resolved "https://registry.yarnpkg.com/@types/node/-/node-22.15.19.tgz#ba9f321675243af0456d607fa82a4865931e0cef"
  integrity sha512-3vMNr4TzNQyjHcRZadojpRaD9Ofr6LsonZAoQ+HMUa/9ORTPoxVIw0e0mpqWpdjj8xybyCM+oKOUH2vwFu/oEw==
  dependencies:
    undici-types "~6.21.0"

bn.js@^5.2.1:
  version "5.2.2"
  resolved "https://registry.yarnpkg.com/bn.js/-/bn.js-5.2.2.tgz#82c09f9ebbb17107cd72cb7fd39bd1f9d0aaa566"
  integrity sha512-v2YAxEmKaBLahNwE1mjp4WON6huMNeuDvagFZW+ASCuA/ku0bXR9hSMw0XpiqMoA3+rmnyck/tPRSFQkoC9Cuw==

cuint@^0.2.2:
  version "0.2.2"
  resolved "https://registry.yarnpkg.com/cuint/-/cuint-0.2.2.tgz#408086d409550c2631155619e9fa7bcadc3b991b"
  integrity sha512-d4ZVpCW31eWwCMe1YT3ur7mUDnTXbgwyzaL320DrcRT45rfjYxkt5QWLrmOJ+/UEAI2+fQgKe/fCjR8l4TpRgw==

tslib@^2.6.2, tslib@^2.7.0:
  version "2.8.1"
  resolved "https://registry.yarnpkg.com/tslib/-/tslib-2.8.1.tgz#612efe4ed235d567e8aba5f2a5fab70280ade83f"
  integrity sha512-oJFu94HQb+KVduSUQL7wnpmqnfmLsOA/nAh6b6EH0wCEoK0/mPeXU6c3wKDV83MkOuHPRHtSXKKU99IBazS/2w==

undici-types@~6.21.0:
  version "6.21.0"
  resolved "https://registry.yarnpkg.com/undici-types/-/undici-types-6.21.0.tgz#691d00af3909be93a7faa13be61b3a5b50ef12cb"
  integrity sha512-iwDZqg0QAGrg9Rav5H4n0M64c3mkR59cJ6wQp+7C4nI0gsmExaedaYLNO44eT4AtBBwjbTiGPMlt2Md0T9H9JQ==

xxhashjs@^0.2.2:
  version "0.2.2"
  resolved "https://registry.yarnpkg.com/xxhashjs/-/xxhashjs-0.2.2.tgz#8a6251567621a1c46a5ae204da0249c7f8caa9d8"
  integrity sha512-AkTuIuVTET12tpsVIQo+ZU6f/qDmKuRUcjaqR+OIvm+aCBsZ95i7UVY5WJ9TMsSaZ0DA2WxoZ4acu0sPH+OKAw==
  dependencies:
    cuint "^0.2.2"
